// !$*UTF8*$!
{
	archiveVersion = 1;
	classes = {
	};
	objectVersion = 50;
	objects = {

/* Begin PBXBuildFile section */
		E42075AC23821C79001A4D21 /* AppDelegate.swift in Sources */ = {isa = PBXBuildFile; fileRef = E42075AB23821C79001A4D21 /* AppDelegate.swift */; };
		E42075AE23821C79001A4D21 /* SceneDelegate.swift in Sources */ = {isa = PBXBuildFile; fileRef = E42075AD23821C79001A4D21 /* SceneDelegate.swift */; };
		E42075B023821C79001A4D21 /* ViewController.swift in Sources */ = {isa = PBXBuildFile; fileRef = E42075AF23821C79001A4D21 /* ViewController.swift */; };
		E42075B323821C79001A4D21 /* Main.storyboard in Resources */ = {isa = PBXBuildFile; fileRef = E42075B123821C79001A4D21 /* Main.storyboard */; };
		E42075B523821C7A001A4D21 /* Assets.xcassets in Resources */ = {isa = PBXBuildFile; fileRef = E42075B423821C7A001A4D21 /* Assets.xcassets */; };
		E42075B823821C7A001A4D21 /* LaunchScreen.storyboard in Resources */ = {isa = PBXBuildFile; fileRef = E42075B623821C7A001A4D21 /* LaunchScreen.storyboard */; };
		E42075C323821C7A001A4D21 /* AppTests.swift in Sources */ = {isa = PBXBuildFile; fileRef = E42075C223821C7A001A4D21 /* AppTests.swift */; };
		E42075CF23821C84001A4D21 /* MathCircleKit.framework in Frameworks */ = {isa = PBXBuildFile; fileRef = E42075CE23821C84001A4D21 /* MathCircleKit.framework */; };
		E42075D023821C84001A4D21 /* MathCircleKit.framework in Embed Frameworks */ = {isa = PBXBuildFile; fileRef = E42075CE23821C84001A4D21 /* MathCircleKit.framework */; settings = {ATTRIBUTES = (CodeSignOnCopy, RemoveHeadersOnCopy, ); }; };
		E4ED97172399D31C000A1FDA /* SettingsViewController.swift in Sources */ = {isa = PBXBuildFile; fileRef = E4ED97162399D31C000A1FDA /* SettingsViewController.swift */; };
/* End PBXBuildFile section */

/* Begin PBXContainerItemProxy section */
		E42075BF23821C7A001A4D21 /* PBXContainerItemProxy */ = {
			isa = PBXContainerItemProxy;
			containerPortal = E42075A023821C79001A4D21 /* Project object */;
			proxyType = 1;
			remoteGlobalIDString = E42075A723821C79001A4D21;
			remoteInfo = App;
		};
/* End PBXContainerItemProxy section */

/* Begin PBXCopyFilesBuildPhase section */
		E42075D123821C84001A4D21 /* Embed Frameworks */ = {
			isa = PBXCopyFilesBuildPhase;
			buildActionMask = 2147483647;
			dstPath = "";
			dstSubfolderSpec = 10;
			files = (
				E42075D023821C84001A4D21 /* MathCircleKit.framework in Embed Frameworks */,
			);
			name = "Embed Frameworks";
			runOnlyForDeploymentPostprocessing = 0;
		};
/* End PBXCopyFilesBuildPhase section */

/* Begin PBXFileReference section */
		E42075A823821C79001A4D21 /* App.app */ = {isa = PBXFileReference; explicitFileType = wrapper.application; includeInIndex = 0; path = App.app; sourceTree = BUILT_PRODUCTS_DIR; };
		E42075AB23821C79001A4D21 /* AppDelegate.swift */ = {isa = PBXFileReference; lastKnownFileType = sourcecode.swift; path = AppDelegate.swift; sourceTree = "<group>"; };
		E42075AD23821C79001A4D21 /* SceneDelegate.swift */ = {isa = PBXFileReference; lastKnownFileType = sourcecode.swift; path = SceneDelegate.swift; sourceTree = "<group>"; };
		E42075AF23821C79001A4D21 /* ViewController.swift */ = {isa = PBXFileReference; lastKnownFileType = sourcecode.swift; path = ViewController.swift; sourceTree = "<group>"; };
		E42075B223821C79001A4D21 /* Base */ = {isa = PBXFileReference; lastKnownFileType = file.storyboard; name = Base; path = Base.lproj/Main.storyboard; sourceTree = "<group>"; };
		E42075B423821C7A001A4D21 /* Assets.xcassets */ = {isa = PBXFileReference; lastKnownFileType = folder.assetcatalog; path = Assets.xcassets; sourceTree = "<group>"; };
		E42075B723821C7A001A4D21 /* Base */ = {isa = PBXFileReference; lastKnownFileType = file.storyboard; name = Base; path = Base.lproj/LaunchScreen.storyboard; sourceTree = "<group>"; };
		E42075B923821C7A001A4D21 /* Info.plist */ = {isa = PBXFileReference; lastKnownFileType = text.plist.xml; path = Info.plist; sourceTree = "<group>"; };
		E42075BE23821C7A001A4D21 /* AppTests.xctest */ = {isa = PBXFileReference; explicitFileType = wrapper.cfbundle; includeInIndex = 0; path = AppTests.xctest; sourceTree = BUILT_PRODUCTS_DIR; };
		E42075C223821C7A001A4D21 /* AppTests.swift */ = {isa = PBXFileReference; lastKnownFileType = sourcecode.swift; path = AppTests.swift; sourceTree = "<group>"; };
		E42075C423821C7A001A4D21 /* Info.plist */ = {isa = PBXFileReference; lastKnownFileType = text.plist.xml; path = Info.plist; sourceTree = "<group>"; };
		E42075CE23821C84001A4D21 /* MathCircleKit.framework */ = {isa = PBXFileReference; explicitFileType = wrapper.framework; path = MathCircleKit.framework; sourceTree = BUILT_PRODUCTS_DIR; };
		E4ED97162399D31C000A1FDA /* SettingsViewController.swift */ = {isa = PBXFileReference; lastKnownFileType = sourcecode.swift; path = SettingsViewController.swift; sourceTree = "<group>"; };
/* End PBXFileReference section */

/* Begin PBXFrameworksBuildPhase section */
		E42075A523821C79001A4D21 /* Frameworks */ = {
			isa = PBXFrameworksBuildPhase;
			buildActionMask = 2147483647;
			files = (
				E42075CF23821C84001A4D21 /* MathCircleKit.framework in Frameworks */,
			);
			runOnlyForDeploymentPostprocessing = 0;
		};
		E42075BB23821C7A001A4D21 /* Frameworks */ = {
			isa = PBXFrameworksBuildPhase;
			buildActionMask = 2147483647;
			files = (
			);
			runOnlyForDeploymentPostprocessing = 0;
		};
/* End PBXFrameworksBuildPhase section */

/* Begin PBXGroup section */
		E420759F23821C79001A4D21 = {
			isa = PBXGroup;
			children = (
				E42075AA23821C79001A4D21 /* App */,
				E42075C123821C7A001A4D21 /* AppTests */,
				E42075A923821C79001A4D21 /* Products */,
				E42075CD23821C84001A4D21 /* Frameworks */,
			);
			sourceTree = "<group>";
		};
		E42075A923821C79001A4D21 /* Products */ = {
			isa = PBXGroup;
			children = (
				E42075A823821C79001A4D21 /* App.app */,
				E42075BE23821C7A001A4D21 /* AppTests.xctest */,
			);
			name = Products;
			sourceTree = "<group>";
		};
		E42075AA23821C79001A4D21 /* App */ = {
			isa = PBXGroup;
			children = (
				E42075AB23821C79001A4D21 /* AppDelegate.swift */,
				E42075AD23821C79001A4D21 /* SceneDelegate.swift */,
				E42075AF23821C79001A4D21 /* ViewController.swift */,
				E4ED97162399D31C000A1FDA /* SettingsViewController.swift */,
				E42075B123821C79001A4D21 /* Main.storyboard */,
				E42075B423821C7A001A4D21 /* Assets.xcassets */,
				E42075B623821C7A001A4D21 /* LaunchScreen.storyboard */,
				E42075B923821C7A001A4D21 /* Info.plist */,
			);
			path = App;
			sourceTree = "<group>";
		};
		E42075C123821C7A001A4D21 /* AppTests */ = {
			isa = PBXGroup;
			children = (
				E42075C223821C7A001A4D21 /* AppTests.swift */,
				E42075C423821C7A001A4D21 /* Info.plist */,
			);
			path = AppTests;
			sourceTree = "<group>";
		};
		E42075CD23821C84001A4D21 /* Frameworks */ = {
			isa = PBXGroup;
			children = (
				E42075CE23821C84001A4D21 /* MathCircleKit.framework */,
			);
			name = Frameworks;
			sourceTree = "<group>";
		};
/* End PBXGroup section */

/* Begin PBXNativeTarget section */
		E42075A723821C79001A4D21 /* App */ = {
			isa = PBXNativeTarget;
			buildConfigurationList = E42075C723821C7A001A4D21 /* Build configuration list for PBXNativeTarget "App" */;
			buildPhases = (
				E42075A423821C79001A4D21 /* Sources */,
				E42075A523821C79001A4D21 /* Frameworks */,
				E42075A623821C79001A4D21 /* Resources */,
				E42075D123821C84001A4D21 /* Embed Frameworks */,
			);
			buildRules = (
			);
			dependencies = (
			);
			name = App;
			productName = App;
			productReference = E42075A823821C79001A4D21 /* App.app */;
			productType = "com.apple.product-type.application";
		};
		E42075BD23821C7A001A4D21 /* AppTests */ = {
			isa = PBXNativeTarget;
			buildConfigurationList = E42075CA23821C7A001A4D21 /* Build configuration list for PBXNativeTarget "AppTests" */;
			buildPhases = (
				E42075BA23821C7A001A4D21 /* Sources */,
				E42075BB23821C7A001A4D21 /* Frameworks */,
				E42075BC23821C7A001A4D21 /* Resources */,
			);
			buildRules = (
			);
			dependencies = (
				E42075C023821C7A001A4D21 /* PBXTargetDependency */,
			);
			name = AppTests;
			productName = AppTests;
			productReference = E42075BE23821C7A001A4D21 /* AppTests.xctest */;
			productType = "com.apple.product-type.bundle.unit-test";
		};
/* End PBXNativeTarget section */

/* Begin PBXProject section */
		E42075A023821C79001A4D21 /* Project object */ = {
			isa = PBXProject;
			attributes = {
				LastSwiftUpdateCheck = 1110;
				LastUpgradeCheck = 1110;
				ORGANIZATIONNAME = "Marco Meschini";
				TargetAttributes = {
					E42075A723821C79001A4D21 = {
						CreatedOnToolsVersion = 11.1;
					};
					E42075BD23821C7A001A4D21 = {
						CreatedOnToolsVersion = 11.1;
						TestTargetID = E42075A723821C79001A4D21;
					};
				};
			};
			buildConfigurationList = E42075A323821C79001A4D21 /* Build configuration list for PBXProject "App" */;
			compatibilityVersion = "Xcode 9.3";
			developmentRegion = en;
			hasScannedForEncodings = 0;
			knownRegions = (
				en,
				Base,
			);
			mainGroup = E420759F23821C79001A4D21;
			productRefGroup = E42075A923821C79001A4D21 /* Products */;
			projectDirPath = "";
			projectRoot = "";
			targets = (
				E42075A723821C79001A4D21 /* App */,
				E42075BD23821C7A001A4D21 /* AppTests */,
			);
		};
/* End PBXProject section */

/* Begin PBXResourcesBuildPhase section */
		E42075A623821C79001A4D21 /* Resources */ = {
			isa = PBXResourcesBuildPhase;
			buildActionMask = 2147483647;
			files = (
				E42075B823821C7A001A4D21 /* LaunchScreen.storyboard in Resources */,
				E42075B523821C7A001A4D21 /* Assets.xcassets in Resources */,
				E42075B323821C79001A4D21 /* Main.storyboard in Resources */,
			);
			runOnlyForDeploymentPostprocessing = 0;
		};
		E42075BC23821C7A001A4D21 /* Resources */ = {
			isa = PBXResourcesBuildPhase;
			buildActionMask = 2147483647;
			files = (
			);
			runOnlyForDeploymentPostprocessing = 0;
		};
/* End PBXResourcesBuildPhase section */

/* Begin PBXSourcesBuildPhase section */
		E42075A423821C79001A4D21 /* Sources */ = {
			isa = PBXSourcesBuildPhase;
			buildActionMask = 2147483647;
			files = (
				E42075B023821C79001A4D21 /* ViewController.swift in Sources */,
				E42075AC23821C79001A4D21 /* AppDelegate.swift in Sources */,
				E42075AE23821C79001A4D21 /* SceneDelegate.swift in Sources */,
				E4ED97172399D31C000A1FDA /* SettingsViewController.swift in Sources */,
			);
			runOnlyForDeploymentPostprocessing = 0;
		};
		E42075BA23821C7A001A4D21 /* Sources */ = {
			isa = PBXSourcesBuildPhase;
			buildActionMask = 2147483647;
			files = (
				E42075C323821C7A001A4D21 /* AppTests.swift in Sources */,
			);
			runOnlyForDeploymentPostprocessing = 0;
		};
/* End PBXSourcesBuildPhase section */

/* Begin PBXTargetDependency section */
		E42075C023821C7A001A4D21 /* PBXTargetDependency */ = {
			isa = PBXTargetDependency;
			target = E42075A723821C79001A4D21 /* App */;
			targetProxy = E42075BF23821C7A001A4D21 /* PBXContainerItemProxy */;
		};
/* End PBXTargetDependency section */

/* Begin PBXVariantGroup section */
		E42075B123821C79001A4D21 /* Main.storyboard */ = {
			isa = PBXVariantGroup;
			children = (
				E42075B223821C79001A4D21 /* Base */,
			);
			name = Main.storyboard;
			sourceTree = "<group>";
		};
		E42075B623821C7A001A4D21 /* LaunchScreen.storyboard */ = {
			isa = PBXVariantGroup;
			children = (
				E42075B723821C7A001A4D21 /* Base */,
			);
			name = LaunchScreen.storyboard;
			sourceTree = "<group>";
		};
/* End PBXVariantGroup section */

/* Begin XCBuildConfiguration section */
		E42075C523821C7A001A4D21 /* Debug */ = {
			isa = XCBuildConfiguration;
			buildSettings = {
				ALWAYS_SEARCH_USER_PATHS = NO;
				CLANG_ANALYZER_NONNULL = YES;
				CLANG_ANALYZER_NUMBER_OBJECT_CONVERSION = YES_AGGRESSIVE;
				CLANG_CXX_LANGUAGE_STANDARD = "gnu++14";
				CLANG_CXX_LIBRARY = "libc++";
				CLANG_ENABLE_MODULES = YES;
				CLANG_ENABLE_OBJC_ARC = YES;
				CLANG_ENABLE_OBJC_WEAK = YES;
				CLANG_WARN_BLOCK_CAPTURE_AUTORELEASING = YES;
				CLANG_WARN_BOOL_CONVERSION = YES;
				CLANG_WARN_COMMA = YES;
				CLANG_WARN_CONSTANT_CONVERSION = YES;
				CLANG_WARN_DEPRECATED_OBJC_IMPLEMENTATIONS = YES;
				CLANG_WARN_DIRECT_OBJC_ISA_USAGE = YES_ERROR;
				CLANG_WARN_DOCUMENTATION_COMMENTS = YES;
				CLANG_WARN_EMPTY_BODY = YES;
				CLANG_WARN_ENUM_CONVERSION = YES;
				CLANG_WARN_INFINITE_RECURSION = YES;
				CLANG_WARN_INT_CONVERSION = YES;
				CLANG_WARN_NON_LITERAL_NULL_CONVERSION = YES;
				CLANG_WARN_OBJC_IMPLICIT_RETAIN_SELF = YES;
				CLANG_WARN_OBJC_LITERAL_CONVERSION = YES;
				CLANG_WARN_OBJC_ROOT_CLASS = YES_ERROR;
				CLANG_WARN_RANGE_LOOP_ANALYSIS = YES;
				CLANG_WARN_STRICT_PROTOTYPES = YES;
				CLANG_WARN_SUSPICIOUS_MOVE = YES;
				CLANG_WARN_UNGUARDED_AVAILABILITY = YES_AGGRESSIVE;
				CLANG_WARN_UNREACHABLE_CODE = YES;
				CLANG_WARN__DUPLICATE_METHOD_MATCH = YES;
				COPY_PHASE_STRIP = NO;
				DEBUG_INFORMATION_FORMAT = dwarf;
				ENABLE_STRICT_OBJC_MSGSEND = YES;
				ENABLE_TESTABILITY = YES;
				GCC_C_LANGUAGE_STANDARD = gnu11;
				GCC_DYNAMIC_NO_PIC = NO;
				GCC_NO_COMMON_BLOCKS = YES;
				GCC_OPTIMIZATION_LEVEL = 0;
				GCC_PREPROCESSOR_DEFINITIONS = (
					"DEBUG=1",
					"$(inherited)",
				);
				GCC_WARN_64_TO_32_BIT_CONVERSION = YES;
				GCC_WARN_ABOUT_RETURN_TYPE = YES_ERROR;
				GCC_WARN_UNDECLARED_SELECTOR = YES;
				GCC_WARN_UNINITIALIZED_AUTOS = YES_AGGRESSIVE;
				GCC_WARN_UNUSED_FUNCTION = YES;
				GCC_WARN_UNUSED_VARIABLE = YES;
				IPHONEOS_DEPLOYMENT_TARGET = 13.1;
				MTL_ENABLE_DEBUG_INFO = INCLUDE_SOURCE;
				MTL_FAST_MATH = YES;
				ONLY_ACTIVE_ARCH = YES;
				SDKROOT = iphoneos;
				SWIFT_ACTIVE_COMPILATION_CONDITIONS = DEBUG;
				SWIFT_OPTIMIZATION_LEVEL = "-Onone";
			};
			name = Debug;
		};
		E42075C623821C7A001A4D21 /* Release */ = {
			isa = XCBuildConfiguration;
			buildSettings = {
				ALWAYS_SEARCH_USER_PATHS = NO;
				CLANG_ANALYZER_NONNULL = YES;
				CLANG_ANALYZER_NUMBER_OBJECT_CONVERSION = YES_AGGRESSIVE;
				CLANG_CXX_LANGUAGE_STANDARD = "gnu++14";
				CLANG_CXX_LIBRARY = "libc++";
				CLANG_ENABLE_MODULES = YES;
				CLANG_ENABLE_OBJC_ARC = YES;
				CLANG_ENABLE_OBJC_WEAK = YES;
				CLANG_WARN_BLOCK_CAPTURE_AUTORELEASING = YES;
				CLANG_WARN_BOOL_CONVERSION = YES;
				CLANG_WARN_COMMA = YES;
				CLANG_WARN_CONSTANT_CONVERSION = YES;
				CLANG_WARN_DEPRECATED_OBJC_IMPLEMENTATIONS = YES;
				CLANG_WARN_DIRECT_OBJC_ISA_USAGE = YES_ERROR;
				CLANG_WARN_DOCUMENTATION_COMMENTS = YES;
				CLANG_WARN_EMPTY_BODY = YES;
				CLANG_WARN_ENUM_CONVERSION = YES;
				CLANG_WARN_INFINITE_RECURSION = YES;
				CLANG_WARN_INT_CONVERSION = YES;
				CLANG_WARN_NON_LITERAL_NULL_CONVERSION = YES;
				CLANG_WARN_OBJC_IMPLICIT_RETAIN_SELF = YES;
				CLANG_WARN_OBJC_LITERAL_CONVERSION = YES;
				CLANG_WARN_OBJC_ROOT_CLASS = YES_ERROR;
				CLANG_WARN_RANGE_LOOP_ANALYSIS = YES;
				CLANG_WARN_STRICT_PROTOTYPES = YES;
				CLANG_WARN_SUSPICIOUS_MOVE = YES;
				CLANG_WARN_UNGUARDED_AVAILABILITY = YES_AGGRESSIVE;
				CLANG_WARN_UNREACHABLE_CODE = YES;
				CLANG_WARN__DUPLICATE_METHOD_MATCH = YES;
				COPY_PHASE_STRIP = NO;
				DEBUG_INFORMATION_FORMAT = "dwarf-with-dsym";
				ENABLE_NS_ASSERTIONS = NO;
				ENABLE_STRICT_OBJC_MSGSEND = YES;
				GCC_C_LANGUAGE_STANDARD = gnu11;
				GCC_NO_COMMON_BLOCKS = YES;
				GCC_WARN_64_TO_32_BIT_CONVERSION = YES;
				GCC_WARN_ABOUT_RETURN_TYPE = YES_ERROR;
				GCC_WARN_UNDECLARED_SELECTOR = YES;
				GCC_WARN_UNINITIALIZED_AUTOS = YES_AGGRESSIVE;
				GCC_WARN_UNUSED_FUNCTION = YES;
				GCC_WARN_UNUSED_VARIABLE = YES;
				IPHONEOS_DEPLOYMENT_TARGET = 13.1;
				MTL_ENABLE_DEBUG_INFO = NO;
				MTL_FAST_MATH = YES;
				SDKROOT = iphoneos;
				SWIFT_COMPILATION_MODE = wholemodule;
				SWIFT_OPTIMIZATION_LEVEL = "-O";
				VALIDATE_PRODUCT = YES;
			};
			name = Release;
		};
		E42075C823821C7A001A4D21 /* Debug */ = {
			isa = XCBuildConfiguration;
			buildSettings = {
				ASSETCATALOG_COMPILER_APPICON_NAME = AppIcon;
				CODE_SIGN_STYLE = Automatic;
				DEVELOPMENT_TEAM = 6R5UL4Y25B;
				INFOPLIST_FILE = App/Info.plist;
				LD_RUNPATH_SEARCH_PATHS = (
					"$(inherited)",
					"@executable_path/Frameworks",
				);
				PRODUCT_BUNDLE_IDENTIFIER = com.marcomeschini.App;
				PRODUCT_NAME = "$(TARGET_NAME)";
				SWIFT_VERSION = 5.0;
				TARGETED_DEVICE_FAMILY = "1,2";
			};
			name = Debug;
		};
		E42075C923821C7A001A4D21 /* Release */ = {
			isa = XCBuildConfiguration;
			buildSettings = {
				ASSETCATALOG_COMPILER_APPICON_NAME = AppIcon;
				CODE_SIGN_STYLE = Automatic;
				DEVELOPMENT_TEAM = 6R5UL4Y25B;
				INFOPLIST_FILE = App/Info.plist;
				LD_RUNPATH_SEARCH_PATHS = (
					"$(inherited)",
					"@executable_path/Frameworks",
				);
				PRODUCT_BUNDLE_IDENTIFIER = com.marcomeschini.App;
				PRODUCT_NAME = "$(TARGET_NAME)";
				SWIFT_VERSION = 5.0;
				TARGETED_DEVICE_FAMILY = "1,2";
			};
			name = Release;
		};
		E42075CB23821C7A001A4D21 /* Debug */ = {
			isa = XCBuildConfiguration;
			buildSettings = {
				ALWAYS_EMBED_SWIFT_STANDARD_LIBRARIES = YES;
				BUNDLE_LOADER = "$(TEST_HOST)";
				CODE_SIGN_STYLE = Automatic;
				INFOPLIST_FILE = AppTests/Info.plist;
				IPHONEOS_DEPLOYMENT_TARGET = 13.1;
				LD_RUNPATH_SEARCH_PATHS = (
					"$(inherited)",
					"@executable_path/Frameworks",
					"@loader_path/Frameworks",
				);
				PRODUCT_BUNDLE_IDENTIFIER = com.marcomeschini.AppTests;
				PRODUCT_NAME = "$(TARGET_NAME)";
				SWIFT_VERSION = 5.0;
				TARGETED_DEVICE_FAMILY = "1,2";
				TEST_HOST = "$(BUILT_PRODUCTS_DIR)/App.app/App";
			};
			name = Debug;
		};
		E42075CC23821C7A001A4D21 /* Release */ = {
			isa = XCBuildConfiguration;
			buildSettings = {
				ALWAYS_EMBED_SWIFT_STANDARD_LIBRARIES = YES;
				BUNDLE_LOADER = "$(TEST_HOST)";
				CODE_SIGN_STYLE = Automatic;
				INFOPLIST_FILE = AppTests/Info.plist;
				IPHONEOS_DEPLOYMENT_TARGET = 13.1;
				LD_RUNPATH_SEARCH_PATHS = (
					"$(inherited)",
					"@executable_path/Frameworks",
					"@loader_path/Frameworks",
				);
				PRODUCT_BUNDLE_IDENTIFIER = com.marcomeschini.AppTests;
				PRODUCT_NAME = "$(TARGET_NAME)";
				SWIFT_VERSION = 5.0;
				TARGETED_DEVICE_FAMILY = "1,2";
				TEST_HOST = "$(BUILT_PRODUCTS_DIR)/App.app/App";
			};
			name = Release;
		};
/* End XCBuildConfiguration section */

/* Begin XCConfigurationList section */
		E42075A323821C79001A4D21 /* Build configuration list for PBXProject "App" */ = {
			isa = XCConfigurationList;
			buildConfigurations = (
				E42075C523821C7A001A4D21 /* Debug */,
				E42075C623821C7A001A4D21 /* Release */,
			);
			defaultConfigurationIsVisible = 0;
			defaultConfigurationName = Release;
		};
		E42075C723821C7A001A4D21 /* Build configuration list for PBXNativeTarget "App" */ = {
			isa = XCConfigurationList;
			buildConfigurations = (
				E42075C823821C7A001A4D21 /* Debug */,
				E42075C923821C7A001A4D21 /* Release */,
			);
			defaultConfigurationIsVisible = 0;
			defaultConfigurationName = Release;
		};
		E42075CA23821C7A001A4D21 /* Build configuration list for PBXNativeTarget "AppTests" */ = {
			isa = XCConfigurationList;
			buildConfigurations = (
				E42075CB23821C7A001A4D21 /* Debug */,
				E42075CC23821C7A001A4D21 /* Release */,
			);
			defaultConfigurationIsVisible = 0;
			defaultConfigurationName = Release;
		};
/* End XCConfigurationList section */
	};
	rootObject = E42075A023821C79001A4D21 /* Project object */;
}
